
Microsoft Visual Studio Solution File, Format Version 12.00
# Visual Studio Version 16
VisualStudioVersion = 16.0.31729.503
MinimumVisualStudioVersion = 10.0.40219.1
Project("{FAE04EC0-301F-11D3-BF4B-00C04F79EFBC}") = "BrunettiVettoriNumero4", "BrunettiVettoriNumero4\BrunettiVettoriNumero4.csproj", "{308ED483-4F93-41F1-9A41-2060C3193973}"
EndProject
Global
	GlobalSection(SolutionConfigurationPlatforms) = preSolution
		Debug|Any CPU = Debug|Any CPU
		Release|Any CPU = Release|Any CPU
	EndGlobalSection
	GlobalSection(ProjectConfigurationPlatforms) = postSolution
		{308ED483-4F93-41F1-9A41-2060C3193973}.Debug|Any CPU.ActiveCfg = Debug|Any CPU
		{308ED483-4F93-41F1-9A41-2060C3193973}.Debug|Any CPU.Build.0 = Debug|Any CPU
		{308ED483-4F93-41F1-9A41-2060C3193973}.Release|Any CPU.ActiveCfg = Release|Any CPU
		{308ED483-4F93-41F1-9A41-2060C3193973}.Release|Any CPU.Build.0 = Release|Any CPU
	EndGlobalSection
	GlobalSection(SolutionProperties) = preSolution
		HideSolutionNode = FALSE
	EndGlobalSection
	GlobalSection(ExtensibilityGlobals) = postSolution
		SolutionGuid = {02C89A73-721A-45F5-A90E-AE87A9EE36CF}
	EndGlobalSection
EndGlobal
