
Microsoft Visual Studio Solution File, Format Version 12.00
# Visual Studio Version 16
VisualStudioVersion = 16.0.31729.503
MinimumVisualStudioVersion = 10.0.40219.1
Project("{FAE04EC0-301F-11D3-BF4B-00C04F79EFBC}") = "BrunettiVettoriNumero1", "BrunettiVettoriNumero1\BrunettiVettoriNumero1.csproj", "{4DD59AFA-671E-4F94-BCEE-9316E74BCC01}"
EndProject
Global
	GlobalSection(SolutionConfigurationPlatforms) = preSolution
		Debug|Any CPU = Debug|Any CPU
		Release|Any CPU = Release|Any CPU
	EndGlobalSection
	GlobalSection(ProjectConfigurationPlatforms) = postSolution
		{4DD59AFA-671E-4F94-BCEE-9316E74BCC01}.Debug|Any CPU.ActiveCfg = Debug|Any CPU
		{4DD59AFA-671E-4F94-BCEE-9316E74BCC01}.Debug|Any CPU.Build.0 = Debug|Any CPU
		{4DD59AFA-671E-4F94-BCEE-9316E74BCC01}.Release|Any CPU.ActiveCfg = Release|Any CPU
		{4DD59AFA-671E-4F94-BCEE-9316E74BCC01}.Release|Any CPU.Build.0 = Release|Any CPU
	EndGlobalSection
	GlobalSection(SolutionProperties) = preSolution
		HideSolutionNode = FALSE
	EndGlobalSection
	GlobalSection(ExtensibilityGlobals) = postSolution
		SolutionGuid = {EC8ED3F4-7E66-4054-9AF8-74BE0BE566EA}
	EndGlobalSection
EndGlobal
